// !$*UTF8*$!
{
	archiveVersion = 1;
	classes = {
	};
	objectVersion = 46;
	objects = {

/* Begin PBXBuildFile section */
		F409F71E13C81CCF007499B3 /* NSObject+SBJson.m in Sources */ = {isa = PBXBuildFile; fileRef = F409F70D13C81CCF007499B3 /* NSObject+SBJson.m */; };
		F409F71F13C81CCF007499B3 /* SBJsonParser.m in Sources */ = {isa = PBXBuildFile; fileRef = F409F70F13C81CCF007499B3 /* SBJsonParser.m */; };
		F409F72013C81CCF007499B3 /* SBJsonStreamParser.m in Sources */ = {isa = PBXBuildFile; fileRef = F409F71113C81CCF007499B3 /* SBJsonStreamParser.m */; };
		F409F72113C81CCF007499B3 /* SBJsonStreamParserAdapter.m in Sources */ = {isa = PBXBuildFile; fileRef = F409F71313C81CCF007499B3 /* SBJsonStreamParserAdapter.m */; };
		F409F72213C81CCF007499B3 /* SBJsonStreamParserState.m in Sources */ = {isa = PBXBuildFile; fileRef = F409F71513C81CCF007499B3 /* SBJsonStreamParserState.m */; };
		F409F72313C81CCF007499B3 /* SBJsonStreamWriter.m in Sources */ = {isa = PBXBuildFile; fileRef = F409F71713C81CCF007499B3 /* SBJsonStreamWriter.m */; };
		F409F72413C81CCF007499B3 /* SBJsonStreamWriterState.m in Sources */ = {isa = PBXBuildFile; fileRef = F409F71913C81CCF007499B3 /* SBJsonStreamWriterState.m */; };
		F409F72513C81CCF007499B3 /* SBJsonTokeniser.m in Sources */ = {isa = PBXBuildFile; fileRef = F409F71B13C81CCF007499B3 /* SBJsonTokeniser.m */; };
		F409F72613C81CCF007499B3 /* SBJsonWriter.m in Sources */ = {isa = PBXBuildFile; fileRef = F409F71D13C81CCF007499B3 /* SBJsonWriter.m */; };
		F409F73513C81D5C007499B3 /* Controller.m in Sources */ = {isa = PBXBuildFile; fileRef = F409F72813C81D57007499B3 /* Controller.m */; };
		F409F73613C81D5C007499B3 /* LoginController.m in Sources */ = {isa = PBXBuildFile; fileRef = F409F72A13C81D57007499B3 /* LoginController.m */; };
		F409F73713C81D5C007499B3 /* NewPushTopicController.m in Sources */ = {isa = PBXBuildFile; fileRef = F409F72C13C81D58007499B3 /* NewPushTopicController.m */; };
		F409F73813C81D5C007499B3 /* PushTopicsDataSource.m in Sources */ = {isa = PBXBuildFile; fileRef = F409F72E13C81D59007499B3 /* PushTopicsDataSource.m */; };
		F409F73913C81D5C007499B3 /* StreamingApiClient.m in Sources */ = {isa = PBXBuildFile; fileRef = F409F73013C81D5A007499B3 /* StreamingApiClient.m */; };
		F409F73A13C81D5C007499B3 /* StreamingApiDemoAppDelegate.m in Sources */ = {isa = PBXBuildFile; fileRef = F409F73213C81D5A007499B3 /* StreamingApiDemoAppDelegate.m */; };
		F409F73B13C81D5C007499B3 /* UrlConnectionDelegate.m in Sources */ = {isa = PBXBuildFile; fileRef = F409F73413C81D5C007499B3 /* UrlConnectionDelegate.m */; };
		F409F73E13C81D9B007499B3 /* MainMenu.xib in Resources */ = {isa = PBXBuildFile; fileRef = F409F73C13C81D9B007499B3 /* MainMenu.xib */; };
		F409F74413C81DAD007499B3 /* main.m in Sources */ = {isa = PBXBuildFile; fileRef = F409F74013C81DAD007499B3 /* main.m */; };
		F409F74913C81DC3007499B3 /* InfoPlist.strings in Resources */ = {isa = PBXBuildFile; fileRef = F409F74713C81DC3007499B3 /* InfoPlist.strings */; };
		F409F74C13C820B0007499B3 /* Credits.html in Resources */ = {isa = PBXBuildFile; fileRef = F409F74B13C820B0007499B3 /* Credits.html */; };
		F409F75B13C8D216007499B3 /* DetailsDataSource.m in Sources */ = {isa = PBXBuildFile; fileRef = F409F75A13C8D216007499B3 /* DetailsDataSource.m */; };
		F4DB2D1013C6362B00F1C9E1 /* Cocoa.framework in Frameworks */ = {isa = PBXBuildFile; fileRef = F4DB2D0F13C6362B00F1C9E1 /* Cocoa.framework */; };
/* End PBXBuildFile section */

/* Begin PBXFileReference section */
		F409F70C13C81CCF007499B3 /* NSObject+SBJson.h */ = {isa = PBXFileReference; fileEncoding = 4; lastKnownFileType = sourcecode.c.h; name = "NSObject+SBJson.h"; path = "json/NSObject+SBJson.h"; sourceTree = "<group>"; };
		F409F70D13C81CCF007499B3 /* NSObject+SBJson.m */ = {isa = PBXFileReference; fileEncoding = 4; lastKnownFileType = sourcecode.c.objc; name = "NSObject+SBJson.m"; path = "json/NSObject+SBJson.m"; sourceTree = "<group>"; };
		F409F70E13C81CCF007499B3 /* SBJsonParser.h */ = {isa = PBXFileReference; fileEncoding = 4; lastKnownFileType = sourcecode.c.h; name = SBJsonParser.h; path = json/SBJsonParser.h; sourceTree = "<group>"; };
		F409F70F13C81CCF007499B3 /* SBJsonParser.m */ = {isa = PBXFileReference; fileEncoding = 4; lastKnownFileType = sourcecode.c.objc; name = SBJsonParser.m; path = json/SBJsonParser.m; sourceTree = "<group>"; };
		F409F71013C81CCF007499B3 /* SBJsonStreamParser.h */ = {isa = PBXFileReference; fileEncoding = 4; lastKnownFileType = sourcecode.c.h; name = SBJsonStreamParser.h; path = json/SBJsonStreamParser.h; sourceTree = "<group>"; };
		F409F71113C81CCF007499B3 /* SBJsonStreamParser.m */ = {isa = PBXFileReference; fileEncoding = 4; lastKnownFileType = sourcecode.c.objc; name = SBJsonStreamParser.m; path = json/SBJsonStreamParser.m; sourceTree = "<group>"; };
		F409F71213C81CCF007499B3 /* SBJsonStreamParserAdapter.h */ = {isa = PBXFileReference; fileEncoding = 4; lastKnownFileType = sourcecode.c.h; name = SBJsonStreamParserAdapter.h; path = json/SBJsonStreamParserAdapter.h; sourceTree = "<group>"; };
		F409F71313C81CCF007499B3 /* SBJsonStreamParserAdapter.m */ = {isa = PBXFileReference; fileEncoding = 4; lastKnownFileType = sourcecode.c.objc; name = SBJsonStreamParserAdapter.m; path = json/SBJsonStreamParserAdapter.m; sourceTree = "<group>"; };
		F409F71413C81CCF007499B3 /* SBJsonStreamParserState.h */ = {isa = PBXFileReference; fileEncoding = 4; lastKnownFileType = sourcecode.c.h; name = SBJsonStreamParserState.h; path = json/SBJsonStreamParserState.h; sourceTree = "<group>"; };
		F409F71513C81CCF007499B3 /* SBJsonStreamParserState.m */ = {isa = PBXFileReference; fileEncoding = 4; lastKnownFileType = sourcecode.c.objc; name = SBJsonStreamParserState.m; path = json/SBJsonStreamParserState.m; sourceTree = "<group>"; };
		F409F71613C81CCF007499B3 /* SBJsonStreamWriter.h */ = {isa = PBXFileReference; fileEncoding = 4; lastKnownFileType = sourcecode.c.h; name = SBJsonStreamWriter.h; path = json/SBJsonStreamWriter.h; sourceTree = "<group>"; };
		F409F71713C81CCF007499B3 /* SBJsonStreamWriter.m */ = {isa = PBXFileReference; fileEncoding = 4; lastKnownFileType = sourcecode.c.objc; name = SBJsonStreamWriter.m; path = json/SBJsonStreamWriter.m; sourceTree = "<group>"; };
		F409F71813C81CCF007499B3 /* SBJsonStreamWriterState.h */ = {isa = PBXFileReference; fileEncoding = 4; lastKnownFileType = sourcecode.c.h; name = SBJsonStreamWriterState.h; path = json/SBJsonStreamWriterState.h; sourceTree = "<group>"; };
		F409F71913C81CCF007499B3 /* SBJsonStreamWriterState.m */ = {isa = PBXFileReference; fileEncoding = 4; lastKnownFileType = sourcecode.c.objc; name = SBJsonStreamWriterState.m; path = json/SBJsonStreamWriterState.m; sourceTree = "<group>"; };
		F409F71A13C81CCF007499B3 /* SBJsonTokeniser.h */ = {isa = PBXFileReference; fileEncoding = 4; lastKnownFileType = sourcecode.c.h; name = SBJsonTokeniser.h; path = json/SBJsonTokeniser.h; sourceTree = "<group>"; };
		F409F71B13C81CCF007499B3 /* SBJsonTokeniser.m */ = {isa = PBXFileReference; fileEncoding = 4; lastKnownFileType = sourcecode.c.objc; name = SBJsonTokeniser.m; path = json/SBJsonTokeniser.m; sourceTree = "<group>"; };
		F409F71C13C81CCF007499B3 /* SBJsonWriter.h */ = {isa = PBXFileReference; fileEncoding = 4; lastKnownFileType = sourcecode.c.h; name = SBJsonWriter.h; path = json/SBJsonWriter.h; sourceTree = "<group>"; };
		F409F71D13C81CCF007499B3 /* SBJsonWriter.m */ = {isa = PBXFileReference; fileEncoding = 4; lastKnownFileType = sourcecode.c.objc; name = SBJsonWriter.m; path = json/SBJsonWriter.m; sourceTree = "<group>"; };
		F409F72713C81D56007499B3 /* Controller.h */ = {isa = PBXFileReference; fileEncoding = 4; lastKnownFileType = sourcecode.c.h; name = Controller.h; path = streamingApiDemo/Controller.h; sourceTree = SOURCE_ROOT; };
		F409F72813C81D57007499B3 /* Controller.m */ = {isa = PBXFileReference; fileEncoding = 4; lastKnownFileType = sourcecode.c.objc; name = Controller.m; path = streamingApiDemo/Controller.m; sourceTree = SOURCE_ROOT; };
		F409F72913C81D57007499B3 /* LoginController.h */ = {isa = PBXFileReference; fileEncoding = 4; lastKnownFileType = sourcecode.c.h; name = LoginController.h; path = streamingApiDemo/LoginController.h; sourceTree = SOURCE_ROOT; };
		F409F72A13C81D57007499B3 /* LoginController.m */ = {isa = PBXFileReference; fileEncoding = 4; lastKnownFileType = sourcecode.c.objc; name = LoginController.m; path = streamingApiDemo/LoginController.m; sourceTree = SOURCE_ROOT; };
		F409F72B13C81D58007499B3 /* NewPushTopicController.h */ = {isa = PBXFileReference; fileEncoding = 4; lastKnownFileType = sourcecode.c.h; name = NewPushTopicController.h; path = streamingApiDemo/NewPushTopicController.h; sourceTree = SOURCE_ROOT; };
		F409F72C13C81D58007499B3 /* NewPushTopicController.m */ = {isa = PBXFileReference; fileEncoding = 4; lastKnownFileType = sourcecode.c.objc; name = NewPushTopicController.m; path = streamingApiDemo/NewPushTopicController.m; sourceTree = SOURCE_ROOT; };
		F409F72D13C81D59007499B3 /* PushTopicsDataSource.h */ = {isa = PBXFileReference; fileEncoding = 4; lastKnownFileType = sourcecode.c.h; name = PushTopicsDataSource.h; path = streamingApiDemo/PushTopicsDataSource.h; sourceTree = SOURCE_ROOT; };
		F409F72E13C81D59007499B3 /* PushTopicsDataSource.m */ = {isa = PBXFileReference; fileEncoding = 4; lastKnownFileType = sourcecode.c.objc; name = PushTopicsDataSource.m; path = streamingApiDemo/PushTopicsDataSource.m; sourceTree = SOURCE_ROOT; };
		F409F72F13C81D5A007499B3 /* StreamingApiClient.h */ = {isa = PBXFileReference; fileEncoding = 4; lastKnownFileType = sourcecode.c.h; name = StreamingApiClient.h; path = streamingApiDemo/StreamingApiClient.h; sourceTree = SOURCE_ROOT; };
		F409F73013C81D5A007499B3 /* StreamingApiClient.m */ = {isa = PBXFileReference; fileEncoding = 4; lastKnownFileType = sourcecode.c.objc; name = StreamingApiClient.m; path = streamingApiDemo/StreamingApiClient.m; sourceTree = SOURCE_ROOT; };
		F409F73113C81D5A007499B3 /* StreamingApiDemoAppDelegate.h */ = {isa = PBXFileReference; fileEncoding = 4; lastKnownFileType = sourcecode.c.h; name = StreamingApiDemoAppDelegate.h; path = streamingApiDemo/StreamingApiDemoAppDelegate.h; sourceTree = SOURCE_ROOT; };
		F409F73213C81D5A007499B3 /* StreamingApiDemoAppDelegate.m */ = {isa = PBXFileReference; fileEncoding = 4; lastKnownFileType = sourcecode.c.objc; name = StreamingApiDemoAppDelegate.m; path = streamingApiDemo/StreamingApiDemoAppDelegate.m; sourceTree = SOURCE_ROOT; };
		F409F73313C81D5B007499B3 /* UrlConnectionDelegate.h */ = {isa = PBXFileReference; fileEncoding = 4; lastKnownFileType = sourcecode.c.h; name = UrlConnectionDelegate.h; path = streamingApiDemo/UrlConnectionDelegate.h; sourceTree = SOURCE_ROOT; };
		F409F73413C81D5C007499B3 /* UrlConnectionDelegate.m */ = {isa = PBXFileReference; fileEncoding = 4; lastKnownFileType = sourcecode.c.objc; name = UrlConnectionDelegate.m; path = streamingApiDemo/UrlConnectionDelegate.m; sourceTree = SOURCE_ROOT; };
		F409F73D13C81D9B007499B3 /* en */ = {isa = PBXFileReference; lastKnownFileType = file.xib; name = en; path = streamingApiDemo/en.lproj/MainMenu.xib; sourceTree = SOURCE_ROOT; };
		F409F74013C81DAD007499B3 /* main.m */ = {isa = PBXFileReference; fileEncoding = 4; lastKnownFileType = sourcecode.c.objc; name = main.m; path = streamingApiDemo/main.m; sourceTree = SOURCE_ROOT; };
		F409F74113C81DAD007499B3 /* StreamingApiDemo-Info.plist */ = {isa = PBXFileReference; fileEncoding = 4; lastKnownFileType = text.plist.xml; name = "StreamingApiDemo-Info.plist"; path = "streamingApiDemo/StreamingApiDemo-Info.plist"; sourceTree = SOURCE_ROOT; };
		F409F74213C81DAD007499B3 /* StreamingApiDemo-Prefix.pch */ = {isa = PBXFileReference; fileEncoding = 4; lastKnownFileType = sourcecode.c.h; name = "StreamingApiDemo-Prefix.pch"; path = "streamingApiDemo/StreamingApiDemo-Prefix.pch"; sourceTree = SOURCE_ROOT; };
		F409F74813C81DC3007499B3 /* en */ = {isa = PBXFileReference; lastKnownFileType = text.plist.strings; name = en; path = streamingApiDemo/en.lproj/InfoPlist.strings; sourceTree = SOURCE_ROOT; };
		F409F74B13C820B0007499B3 /* Credits.html */ = {isa = PBXFileReference; fileEncoding = 4; lastKnownFileType = text.html; name = Credits.html; path = streamingApiDemo/Credits.html; sourceTree = SOURCE_ROOT; };
		F409F75913C8D216007499B3 /* DetailsDataSource.h */ = {isa = PBXFileReference; fileEncoding = 4; lastKnownFileType = sourcecode.c.h; name = DetailsDataSource.h; path = streamingApiDemo/DetailsDataSource.h; sourceTree = SOURCE_ROOT; };
		F409F75A13C8D216007499B3 /* DetailsDataSource.m */ = {isa = PBXFileReference; fileEncoding = 4; lastKnownFileType = sourcecode.c.objc; name = DetailsDataSource.m; path = streamingApiDemo/DetailsDataSource.m; sourceTree = SOURCE_ROOT; };
		F4DB2D0B13C6362B00F1C9E1 /* StreamingApiDemo.app */ = {isa = PBXFileReference; explicitFileType = wrapper.application; includeInIndex = 0; path = StreamingApiDemo.app; sourceTree = BUILT_PRODUCTS_DIR; };
		F4DB2D0F13C6362B00F1C9E1 /* Cocoa.framework */ = {isa = PBXFileReference; lastKnownFileType = wrapper.framework; name = Cocoa.framework; path = System/Library/Frameworks/Cocoa.framework; sourceTree = SDKROOT; };
		F4DB2D1213C6362B00F1C9E1 /* AppKit.framework */ = {isa = PBXFileReference; lastKnownFileType = wrapper.framework; name = AppKit.framework; path = System/Library/Frameworks/AppKit.framework; sourceTree = SDKROOT; };
		F4DB2D1313C6362B00F1C9E1 /* CoreData.framework */ = {isa = PBXFileReference; lastKnownFileType = wrapper.framework; name = CoreData.framework; path = System/Library/Frameworks/CoreData.framework; sourceTree = SDKROOT; };
		F4DB2D1413C6362B00F1C9E1 /* Foundation.framework */ = {isa = PBXFileReference; lastKnownFileType = wrapper.framework; name = Foundation.framework; path = System/Library/Frameworks/Foundation.framework; sourceTree = SDKROOT; };
/* End PBXFileReference section */

/* Begin PBXFrameworksBuildPhase section */
		F4DB2D0813C6362B00F1C9E1 /* Frameworks */ = {
			isa = PBXFrameworksBuildPhase;
			buildActionMask = 2147483647;
			files = (
				F4DB2D1013C6362B00F1C9E1 /* Cocoa.framework in Frameworks */,
			);
			runOnlyForDeploymentPostprocessing = 0;
		};
/* End PBXFrameworksBuildPhase section */

/* Begin PBXGroup section */
		F4DB2D0013C6362B00F1C9E1 = {
			isa = PBXGroup;
			children = (
				F4DB2D2C13C6363700F1C9E1 /* json */,
				F4DB2D1513C6362B00F1C9E1 /* Streaming Api Client Demo */,
				F4DB2D0E13C6362B00F1C9E1 /* Frameworks */,
				F4DB2D0C13C6362B00F1C9E1 /* Products */,
			);
			sourceTree = "<group>";
		};
		F4DB2D0C13C6362B00F1C9E1 /* Products */ = {
			isa = PBXGroup;
			children = (
				F4DB2D0B13C6362B00F1C9E1 /* StreamingApiDemo.app */,
			);
			name = Products;
			sourceTree = "<group>";
		};
		F4DB2D0E13C6362B00F1C9E1 /* Frameworks */ = {
			isa = PBXGroup;
			children = (
				F4DB2D0F13C6362B00F1C9E1 /* Cocoa.framework */,
				F4DB2D1113C6362B00F1C9E1 /* Other Frameworks */,
			);
			name = Frameworks;
			sourceTree = "<group>";
		};
		F4DB2D1113C6362B00F1C9E1 /* Other Frameworks */ = {
			isa = PBXGroup;
			children = (
				F4DB2D1213C6362B00F1C9E1 /* AppKit.framework */,
				F4DB2D1313C6362B00F1C9E1 /* CoreData.framework */,
				F4DB2D1413C6362B00F1C9E1 /* Foundation.framework */,
			);
			name = "Other Frameworks";
			sourceTree = "<group>";
		};
		F4DB2D1513C6362B00F1C9E1 /* Streaming Api Client Demo */ = {
			isa = PBXGroup;
			children = (
				F409F72F13C81D5A007499B3 /* StreamingApiClient.h */,
				F409F73013C81D5A007499B3 /* StreamingApiClient.m */,
				F409F72713C81D56007499B3 /* Controller.h */,
				F409F72813C81D57007499B3 /* Controller.m */,
				F409F72D13C81D59007499B3 /* PushTopicsDataSource.h */,
				F409F72E13C81D59007499B3 /* PushTopicsDataSource.m */,
				F409F72B13C81D58007499B3 /* NewPushTopicController.h */,
				F409F72C13C81D58007499B3 /* NewPushTopicController.m */,
				F409F72913C81D57007499B3 /* LoginController.h */,
				F409F72A13C81D57007499B3 /* LoginController.m */,
				F409F75913C8D216007499B3 /* DetailsDataSource.h */,
				F409F75A13C8D216007499B3 /* DetailsDataSource.m */,
				F409F73313C81D5B007499B3 /* UrlConnectionDelegate.h */,
				F409F73413C81D5C007499B3 /* UrlConnectionDelegate.m */,
				F409F73113C81D5A007499B3 /* StreamingApiDemoAppDelegate.h */,
				F409F73213C81D5A007499B3 /* StreamingApiDemoAppDelegate.m */,
				F409F73C13C81D9B007499B3 /* MainMenu.xib */,
				F4DB2D1613C6362B00F1C9E1 /* Supporting Files */,
			);
			name = "Streaming Api Client Demo";
			path = streamingTest;
			sourceTree = "<group>";
		};
		F4DB2D1613C6362B00F1C9E1 /* Supporting Files */ = {
			isa = PBXGroup;
			children = (
				F409F74B13C820B0007499B3 /* Credits.html */,
				F409F74013C81DAD007499B3 /* main.m */,
				F409F74713C81DC3007499B3 /* InfoPlist.strings */,
				F409F74113C81DAD007499B3 /* StreamingApiDemo-Info.plist */,
				F409F74213C81DAD007499B3 /* StreamingApiDemo-Prefix.pch */,
			);
			name = "Supporting Files";
			sourceTree = "<group>";
		};
		F4DB2D2C13C6363700F1C9E1 /* json */ = {
			isa = PBXGroup;
			children = (
				F409F70C13C81CCF007499B3 /* NSObject+SBJson.h */,
				F409F70D13C81CCF007499B3 /* NSObject+SBJson.m */,
				F409F70E13C81CCF007499B3 /* SBJsonParser.h */,
				F409F70F13C81CCF007499B3 /* SBJsonParser.m */,
				F409F71013C81CCF007499B3 /* SBJsonStreamParser.h */,
				F409F71113C81CCF007499B3 /* SBJsonStreamParser.m */,
				F409F71213C81CCF007499B3 /* SBJsonStreamParserAdapter.h */,
				F409F71313C81CCF007499B3 /* SBJsonStreamParserAdapter.m */,
				F409F71413C81CCF007499B3 /* SBJsonStreamParserState.h */,
				F409F71513C81CCF007499B3 /* SBJsonStreamParserState.m */,
				F409F71613C81CCF007499B3 /* SBJsonStreamWriter.h */,
				F409F71713C81CCF007499B3 /* SBJsonStreamWriter.m */,
				F409F71813C81CCF007499B3 /* SBJsonStreamWriterState.h */,
				F409F71913C81CCF007499B3 /* SBJsonStreamWriterState.m */,
				F409F71A13C81CCF007499B3 /* SBJsonTokeniser.h */,
				F409F71B13C81CCF007499B3 /* SBJsonTokeniser.m */,
				F409F71C13C81CCF007499B3 /* SBJsonWriter.h */,
				F409F71D13C81CCF007499B3 /* SBJsonWriter.m */,
			);
			name = json;
			sourceTree = "<group>";
		};
/* End PBXGroup section */

/* Begin PBXNativeTarget section */
		F4DB2D0A13C6362B00F1C9E1 /* StreamingApiDemo */ = {
			isa = PBXNativeTarget;
			buildConfigurationList = F4DB2D2913C6362B00F1C9E1 /* Build configuration list for PBXNativeTarget "StreamingApiDemo" */;
			buildPhases = (
				F4DB2D0713C6362B00F1C9E1 /* Sources */,
				F4DB2D0813C6362B00F1C9E1 /* Frameworks */,
				F4DB2D0913C6362B00F1C9E1 /* Resources */,
			);
			buildRules = (
			);
			dependencies = (
			);
			name = StreamingApiDemo;
			productName = streamingTest;
			productReference = F4DB2D0B13C6362B00F1C9E1 /* StreamingApiDemo.app */;
			productType = "com.apple.product-type.application";
		};
/* End PBXNativeTarget section */

/* Begin PBXProject section */
		F4DB2D0213C6362B00F1C9E1 /* Project object */ = {
			isa = PBXProject;
			buildConfigurationList = F4DB2D0513C6362B00F1C9E1 /* Build configuration list for PBXProject "StreamingApiDemo" */;
			compatibilityVersion = "Xcode 3.2";
			developmentRegion = English;
			hasScannedForEncodings = 0;
			knownRegions = (
				en,
			);
			mainGroup = F4DB2D0013C6362B00F1C9E1;
			productRefGroup = F4DB2D0C13C6362B00F1C9E1 /* Products */;
			projectDirPath = "";
			projectRoot = "";
			targets = (
				F4DB2D0A13C6362B00F1C9E1 /* StreamingApiDemo */,
			);
		};
/* End PBXProject section */

/* Begin PBXResourcesBuildPhase section */
		F4DB2D0913C6362B00F1C9E1 /* Resources */ = {
			isa = PBXResourcesBuildPhase;
			buildActionMask = 2147483647;
			files = (
				F409F73E13C81D9B007499B3 /* MainMenu.xib in Resources */,
				F409F74913C81DC3007499B3 /* InfoPlist.strings in Resources */,
				F409F74C13C820B0007499B3 /* Credits.html in Resources */,
			);
			runOnlyForDeploymentPostprocessing = 0;
		};
/* End PBXResourcesBuildPhase section */

/* Begin PBXSourcesBuildPhase section */
		F4DB2D0713C6362B00F1C9E1 /* Sources */ = {
			isa = PBXSourcesBuildPhase;
			buildActionMask = 2147483647;
			files = (
				F409F71E13C81CCF007499B3 /* NSObject+SBJson.m in Sources */,
				F409F71F13C81CCF007499B3 /* SBJsonParser.m in Sources */,
				F409F72013C81CCF007499B3 /* SBJsonStreamParser.m in Sources */,
				F409F72113C81CCF007499B3 /* SBJsonStreamParserAdapter.m in Sources */,
				F409F72213C81CCF007499B3 /* SBJsonStreamParserState.m in Sources */,
				F409F72313C81CCF007499B3 /* SBJsonStreamWriter.m in Sources */,
				F409F72413C81CCF007499B3 /* SBJsonStreamWriterState.m in Sources */,
				F409F72513C81CCF007499B3 /* SBJsonTokeniser.m in Sources */,
				F409F72613C81CCF007499B3 /* SBJsonWriter.m in Sources */,
				F409F73513C81D5C007499B3 /* Controller.m in Sources */,
				F409F73613C81D5C007499B3 /* LoginController.m in Sources */,
				F409F73713C81D5C007499B3 /* NewPushTopicController.m in Sources */,
				F409F73813C81D5C007499B3 /* PushTopicsDataSource.m in Sources */,
				F409F73913C81D5C007499B3 /* StreamingApiClient.m in Sources */,
				F409F73A13C81D5C007499B3 /* StreamingApiDemoAppDelegate.m in Sources */,
				F409F73B13C81D5C007499B3 /* UrlConnectionDelegate.m in Sources */,
				F409F74413C81DAD007499B3 /* main.m in Sources */,
				F409F75B13C8D216007499B3 /* DetailsDataSource.m in Sources */,
			);
			runOnlyForDeploymentPostprocessing = 0;
		};
/* End PBXSourcesBuildPhase section */

/* Begin PBXVariantGroup section */
		F409F73C13C81D9B007499B3 /* MainMenu.xib */ = {
			isa = PBXVariantGroup;
			children = (
				F409F73D13C81D9B007499B3 /* en */,
			);
			name = MainMenu.xib;
			sourceTree = "<group>";
		};
		F409F74713C81DC3007499B3 /* InfoPlist.strings */ = {
			isa = PBXVariantGroup;
			children = (
				F409F74813C81DC3007499B3 /* en */,
			);
			name = InfoPlist.strings;
			sourceTree = "<group>";
		};
/* End PBXVariantGroup section */

/* Begin XCBuildConfiguration section */
		F4DB2D2713C6362B00F1C9E1 /* Debug */ = {
			isa = XCBuildConfiguration;
			buildSettings = {
				ARCHS = "$(ARCHS_STANDARD_32_64_BIT)";
				GCC_C_LANGUAGE_STANDARD = gnu99;
				GCC_OPTIMIZATION_LEVEL = 0;
				GCC_PREPROCESSOR_DEFINITIONS = DEBUG;
				GCC_SYMBOLS_PRIVATE_EXTERN = NO;
				GCC_VERSION = com.apple.compilers.llvm.clang.1_0;
				GCC_WARN_64_TO_32_BIT_CONVERSION = YES;
				GCC_WARN_ABOUT_RETURN_TYPE = YES;
				GCC_WARN_UNUSED_VARIABLE = YES;
				MACOSX_DEPLOYMENT_TARGET = 10.6;
				ONLY_ACTIVE_ARCH = YES;
				SDKROOT = macosx10.6;
			};
			name = Debug;
		};
		F4DB2D2813C6362B00F1C9E1 /* Release */ = {
			isa = XCBuildConfiguration;
			buildSettings = {
				ARCHS = "$(ARCHS_STANDARD_32_64_BIT)";
				GCC_C_LANGUAGE_STANDARD = gnu99;
				GCC_VERSION = com.apple.compilers.llvm.clang.1_0;
				GCC_WARN_64_TO_32_BIT_CONVERSION = YES;
				GCC_WARN_ABOUT_RETURN_TYPE = YES;
				GCC_WARN_UNUSED_VARIABLE = YES;
				MACOSX_DEPLOYMENT_TARGET = 10.6;
				SDKROOT = macosx10.6;
			};
			name = Release;
		};
		F4DB2D2A13C6362B00F1C9E1 /* Debug */ = {
			isa = XCBuildConfiguration;
			buildSettings = {
				ALWAYS_SEARCH_USER_PATHS = NO;
				ARCHS = "$(ARCHS_STANDARD_64_BIT)";
				COPY_PHASE_STRIP = NO;
				GCC_DYNAMIC_NO_PIC = NO;
				GCC_ENABLE_OBJC_EXCEPTIONS = YES;
				GCC_PRECOMPILE_PREFIX_HEADER = YES;
				GCC_PREFIX_HEADER = "streamingApiDemo/StreamingApiDemo-Prefix.pch";
				INFOPLIST_FILE = "streamingApiDemo/StreamingApiDemo-Info.plist";
				MACOSX_DEPLOYMENT_TARGET = 10.6;
				PRODUCT_NAME = StreamingApiDemo;
				WRAPPER_EXTENSION = app;
			};
			name = Debug;
		};
		F4DB2D2B13C6362B00F1C9E1 /* Release */ = {
			isa = XCBuildConfiguration;
			buildSettings = {
				ALWAYS_SEARCH_USER_PATHS = NO;
				ARCHS = "$(ARCHS_STANDARD_64_BIT)";
				COPY_PHASE_STRIP = YES;
				DEBUG_INFORMATION_FORMAT = "dwarf-with-dsym";
				GCC_ENABLE_OBJC_EXCEPTIONS = YES;
				GCC_PRECOMPILE_PREFIX_HEADER = YES;
				GCC_PREFIX_HEADER = "streamingApiDemo/StreamingApiDemo-Prefix.pch";
				INFOPLIST_FILE = "streamingApiDemo/StreamingApiDemo-Info.plist";
				MACOSX_DEPLOYMENT_TARGET = 10.6;
				PRODUCT_NAME = StreamingApiDemo;
				WRAPPER_EXTENSION = app;
			};
			name = Release;
		};
/* End XCBuildConfiguration section */

/* Begin XCConfigurationList section */
		F4DB2D0513C6362B00F1C9E1 /* Build configuration list for PBXProject "StreamingApiDemo" */ = {
			isa = XCConfigurationList;
			buildConfigurations = (
				F4DB2D2713C6362B00F1C9E1 /* Debug */,
				F4DB2D2813C6362B00F1C9E1 /* Release */,
			);
			defaultConfigurationIsVisible = 0;
			defaultConfigurationName = Release;
		};
		F4DB2D2913C6362B00F1C9E1 /* Build configuration list for PBXNativeTarget "StreamingApiDemo" */ = {
			isa = XCConfigurationList;
			buildConfigurations = (
				F4DB2D2A13C6362B00F1C9E1 /* Debug */,
				F4DB2D2B13C6362B00F1C9E1 /* Release */,
			);
			defaultConfigurationIsVisible = 0;
			defaultConfigurationName = Release;
		};
/* End XCConfigurationList section */
	};
	rootObject = F4DB2D0213C6362B00F1C9E1 /* Project object */;
}
