// !$*UTF8*$!
{
	archiveVersion = 1;
	classes = {
	};
	objectVersion = 46;
	objects = {

/* Begin PBXBuildFile section */
		9763BC5413C7C44A006C9313 /* LoginController.m in Sources */ = {isa = PBXBuildFile; fileRef = 9763BC5313C7C44A006C9313 /* LoginController.m */; };
		F4DB2D1013C6362B00F1C9E1 /* Cocoa.framework in Frameworks */ = {isa = PBXBuildFile; fileRef = F4DB2D0F13C6362B00F1C9E1 /* Cocoa.framework */; };
		F4DB2D1A13C6362B00F1C9E1 /* InfoPlist.strings in Resources */ = {isa = PBXBuildFile; fileRef = F4DB2D1813C6362B00F1C9E1 /* InfoPlist.strings */; };
		F4DB2D1D13C6362B00F1C9E1 /* main.m in Sources */ = {isa = PBXBuildFile; fileRef = F4DB2D1C13C6362B00F1C9E1 /* main.m */; };
		F4DB2D2013C6362B00F1C9E1 /* Credits.rtf in Resources */ = {isa = PBXBuildFile; fileRef = F4DB2D1E13C6362B00F1C9E1 /* Credits.rtf */; };
		F4DB2D2313C6362B00F1C9E1 /* streamingTestAppDelegate.m in Sources */ = {isa = PBXBuildFile; fileRef = F4DB2D2213C6362B00F1C9E1 /* streamingTestAppDelegate.m */; };
		F4DB2D2613C6362B00F1C9E1 /* MainMenu.xib in Resources */ = {isa = PBXBuildFile; fileRef = F4DB2D2413C6362B00F1C9E1 /* MainMenu.xib */; };
		F4DB2D3D13C6366000F1C9E1 /* SBJsonParser.m in Sources */ = {isa = PBXBuildFile; fileRef = F4DB2D2E13C6366000F1C9E1 /* SBJsonParser.m */; };
		F4DB2D3E13C6366000F1C9E1 /* SBJsonStreamParser.m in Sources */ = {isa = PBXBuildFile; fileRef = F4DB2D3013C6366000F1C9E1 /* SBJsonStreamParser.m */; };
		F4DB2D3F13C6366000F1C9E1 /* SBJsonStreamParserAdapter.m in Sources */ = {isa = PBXBuildFile; fileRef = F4DB2D3213C6366000F1C9E1 /* SBJsonStreamParserAdapter.m */; };
		F4DB2D4013C6366000F1C9E1 /* SBJsonStreamParserState.m in Sources */ = {isa = PBXBuildFile; fileRef = F4DB2D3413C6366000F1C9E1 /* SBJsonStreamParserState.m */; };
		F4DB2D4113C6366000F1C9E1 /* SBJsonStreamWriter.m in Sources */ = {isa = PBXBuildFile; fileRef = F4DB2D3613C6366000F1C9E1 /* SBJsonStreamWriter.m */; };
		F4DB2D4213C6366000F1C9E1 /* SBJsonStreamWriterState.m in Sources */ = {isa = PBXBuildFile; fileRef = F4DB2D3813C6366000F1C9E1 /* SBJsonStreamWriterState.m */; };
		F4DB2D4313C6366000F1C9E1 /* SBJsonTokeniser.m in Sources */ = {isa = PBXBuildFile; fileRef = F4DB2D3A13C6366000F1C9E1 /* SBJsonTokeniser.m */; };
		F4DB2D4413C6366000F1C9E1 /* SBJsonWriter.m in Sources */ = {isa = PBXBuildFile; fileRef = F4DB2D3C13C6366000F1C9E1 /* SBJsonWriter.m */; };
		F4DB2D4713C636A200F1C9E1 /* UrlConnectionDelegate.m in Sources */ = {isa = PBXBuildFile; fileRef = F4DB2D4613C636A200F1C9E1 /* UrlConnectionDelegate.m */; };
		F4DB2D4A13C6398700F1C9E1 /* Controller.m in Sources */ = {isa = PBXBuildFile; fileRef = F4DB2D4913C6398700F1C9E1 /* Controller.m */; };
		F4DB2D4D13C6719B00F1C9E1 /* StreamingApiClient.m in Sources */ = {isa = PBXBuildFile; fileRef = F4DB2D4C13C6719B00F1C9E1 /* StreamingApiClient.m */; };
		F4DB2D5013C6876900F1C9E1 /* NSObject+SBJson.m in Sources */ = {isa = PBXBuildFile; fileRef = F4DB2D4F13C6876900F1C9E1 /* NSObject+SBJson.m */; };
		F4DB2D5313C68F7F00F1C9E1 /* PushTopicsDataSource.m in Sources */ = {isa = PBXBuildFile; fileRef = F4DB2D5213C68F7E00F1C9E1 /* PushTopicsDataSource.m */; };
		F4DB2D5613C6B57B00F1C9E1 /* NewPushTopicController.m in Sources */ = {isa = PBXBuildFile; fileRef = F4DB2D5513C6B57B00F1C9E1 /* NewPushTopicController.m */; };
/* End PBXBuildFile section */

/* Begin PBXFileReference section */
		9763BC5213C7C44A006C9313 /* LoginController.h */ = {isa = PBXFileReference; fileEncoding = 4; lastKnownFileType = sourcecode.c.h; path = LoginController.h; sourceTree = "<group>"; };
		9763BC5313C7C44A006C9313 /* LoginController.m */ = {isa = PBXFileReference; fileEncoding = 4; lastKnownFileType = sourcecode.c.objc; path = LoginController.m; sourceTree = "<group>"; };
		F4DB2D0B13C6362B00F1C9E1 /* streamingTest.app */ = {isa = PBXFileReference; explicitFileType = wrapper.application; includeInIndex = 0; path = streamingTest.app; sourceTree = BUILT_PRODUCTS_DIR; };
		F4DB2D0F13C6362B00F1C9E1 /* Cocoa.framework */ = {isa = PBXFileReference; lastKnownFileType = wrapper.framework; name = Cocoa.framework; path = System/Library/Frameworks/Cocoa.framework; sourceTree = SDKROOT; };
		F4DB2D1213C6362B00F1C9E1 /* AppKit.framework */ = {isa = PBXFileReference; lastKnownFileType = wrapper.framework; name = AppKit.framework; path = System/Library/Frameworks/AppKit.framework; sourceTree = SDKROOT; };
		F4DB2D1313C6362B00F1C9E1 /* CoreData.framework */ = {isa = PBXFileReference; lastKnownFileType = wrapper.framework; name = CoreData.framework; path = System/Library/Frameworks/CoreData.framework; sourceTree = SDKROOT; };
		F4DB2D1413C6362B00F1C9E1 /* Foundation.framework */ = {isa = PBXFileReference; lastKnownFileType = wrapper.framework; name = Foundation.framework; path = System/Library/Frameworks/Foundation.framework; sourceTree = SDKROOT; };
		F4DB2D1713C6362B00F1C9E1 /* streamingTest-Info.plist */ = {isa = PBXFileReference; lastKnownFileType = text.plist.xml; path = "streamingTest-Info.plist"; sourceTree = "<group>"; };
		F4DB2D1913C6362B00F1C9E1 /* en */ = {isa = PBXFileReference; lastKnownFileType = text.plist.strings; name = en; path = en.lproj/InfoPlist.strings; sourceTree = "<group>"; };
		F4DB2D1B13C6362B00F1C9E1 /* streamingTest-Prefix.pch */ = {isa = PBXFileReference; lastKnownFileType = sourcecode.c.h; path = "streamingTest-Prefix.pch"; sourceTree = "<group>"; };
		F4DB2D1C13C6362B00F1C9E1 /* main.m */ = {isa = PBXFileReference; lastKnownFileType = sourcecode.c.objc; path = main.m; sourceTree = "<group>"; };
		F4DB2D1F13C6362B00F1C9E1 /* en */ = {isa = PBXFileReference; lastKnownFileType = text.rtf; name = en; path = en.lproj/Credits.rtf; sourceTree = "<group>"; };
		F4DB2D2113C6362B00F1C9E1 /* streamingTestAppDelegate.h */ = {isa = PBXFileReference; lastKnownFileType = sourcecode.c.h; path = streamingTestAppDelegate.h; sourceTree = "<group>"; };
		F4DB2D2213C6362B00F1C9E1 /* streamingTestAppDelegate.m */ = {isa = PBXFileReference; lastKnownFileType = sourcecode.c.objc; path = streamingTestAppDelegate.m; sourceTree = "<group>"; };
		F4DB2D2513C6362B00F1C9E1 /* en */ = {isa = PBXFileReference; lastKnownFileType = file.xib; name = en; path = en.lproj/MainMenu.xib; sourceTree = "<group>"; };
		F4DB2D2D13C6366000F1C9E1 /* SBJsonParser.h */ = {isa = PBXFileReference; fileEncoding = 4; lastKnownFileType = sourcecode.c.h; path = SBJsonParser.h; sourceTree = "<group>"; };
		F4DB2D2E13C6366000F1C9E1 /* SBJsonParser.m */ = {isa = PBXFileReference; fileEncoding = 4; lastKnownFileType = sourcecode.c.objc; path = SBJsonParser.m; sourceTree = "<group>"; };
		F4DB2D2F13C6366000F1C9E1 /* SBJsonStreamParser.h */ = {isa = PBXFileReference; fileEncoding = 4; lastKnownFileType = sourcecode.c.h; path = SBJsonStreamParser.h; sourceTree = "<group>"; };
		F4DB2D3013C6366000F1C9E1 /* SBJsonStreamParser.m */ = {isa = PBXFileReference; fileEncoding = 4; lastKnownFileType = sourcecode.c.objc; path = SBJsonStreamParser.m; sourceTree = "<group>"; };
		F4DB2D3113C6366000F1C9E1 /* SBJsonStreamParserAdapter.h */ = {isa = PBXFileReference; fileEncoding = 4; lastKnownFileType = sourcecode.c.h; path = SBJsonStreamParserAdapter.h; sourceTree = "<group>"; };
		F4DB2D3213C6366000F1C9E1 /* SBJsonStreamParserAdapter.m */ = {isa = PBXFileReference; fileEncoding = 4; lastKnownFileType = sourcecode.c.objc; path = SBJsonStreamParserAdapter.m; sourceTree = "<group>"; };
		F4DB2D3313C6366000F1C9E1 /* SBJsonStreamParserState.h */ = {isa = PBXFileReference; fileEncoding = 4; lastKnownFileType = sourcecode.c.h; path = SBJsonStreamParserState.h; sourceTree = "<group>"; };
		F4DB2D3413C6366000F1C9E1 /* SBJsonStreamParserState.m */ = {isa = PBXFileReference; fileEncoding = 4; lastKnownFileType = sourcecode.c.objc; path = SBJsonStreamParserState.m; sourceTree = "<group>"; };
		F4DB2D3513C6366000F1C9E1 /* SBJsonStreamWriter.h */ = {isa = PBXFileReference; fileEncoding = 4; lastKnownFileType = sourcecode.c.h; path = SBJsonStreamWriter.h; sourceTree = "<group>"; };
		F4DB2D3613C6366000F1C9E1 /* SBJsonStreamWriter.m */ = {isa = PBXFileReference; fileEncoding = 4; lastKnownFileType = sourcecode.c.objc; path = SBJsonStreamWriter.m; sourceTree = "<group>"; };
		F4DB2D3713C6366000F1C9E1 /* SBJsonStreamWriterState.h */ = {isa = PBXFileReference; fileEncoding = 4; lastKnownFileType = sourcecode.c.h; path = SBJsonStreamWriterState.h; sourceTree = "<group>"; };
		F4DB2D3813C6366000F1C9E1 /* SBJsonStreamWriterState.m */ = {isa = PBXFileReference; fileEncoding = 4; lastKnownFileType = sourcecode.c.objc; path = SBJsonStreamWriterState.m; sourceTree = "<group>"; };
		F4DB2D3913C6366000F1C9E1 /* SBJsonTokeniser.h */ = {isa = PBXFileReference; fileEncoding = 4; lastKnownFileType = sourcecode.c.h; path = SBJsonTokeniser.h; sourceTree = "<group>"; };
		F4DB2D3A13C6366000F1C9E1 /* SBJsonTokeniser.m */ = {isa = PBXFileReference; fileEncoding = 4; lastKnownFileType = sourcecode.c.objc; path = SBJsonTokeniser.m; sourceTree = "<group>"; };
		F4DB2D3B13C6366000F1C9E1 /* SBJsonWriter.h */ = {isa = PBXFileReference; fileEncoding = 4; lastKnownFileType = sourcecode.c.h; path = SBJsonWriter.h; sourceTree = "<group>"; };
		F4DB2D3C13C6366000F1C9E1 /* SBJsonWriter.m */ = {isa = PBXFileReference; fileEncoding = 4; lastKnownFileType = sourcecode.c.objc; path = SBJsonWriter.m; sourceTree = "<group>"; };
		F4DB2D4513C636A200F1C9E1 /* UrlConnectionDelegate.h */ = {isa = PBXFileReference; fileEncoding = 4; lastKnownFileType = sourcecode.c.h; path = UrlConnectionDelegate.h; sourceTree = "<group>"; };
		F4DB2D4613C636A200F1C9E1 /* UrlConnectionDelegate.m */ = {isa = PBXFileReference; fileEncoding = 4; lastKnownFileType = sourcecode.c.objc; path = UrlConnectionDelegate.m; sourceTree = "<group>"; };
		F4DB2D4813C6398700F1C9E1 /* Controller.h */ = {isa = PBXFileReference; fileEncoding = 4; lastKnownFileType = sourcecode.c.h; path = Controller.h; sourceTree = "<group>"; };
		F4DB2D4913C6398700F1C9E1 /* Controller.m */ = {isa = PBXFileReference; fileEncoding = 4; lastKnownFileType = sourcecode.c.objc; path = Controller.m; sourceTree = "<group>"; };
		F4DB2D4B13C6719B00F1C9E1 /* StreamingApiClient.h */ = {isa = PBXFileReference; fileEncoding = 4; lastKnownFileType = sourcecode.c.h; path = StreamingApiClient.h; sourceTree = "<group>"; };
		F4DB2D4C13C6719B00F1C9E1 /* StreamingApiClient.m */ = {isa = PBXFileReference; fileEncoding = 4; lastKnownFileType = sourcecode.c.objc; path = StreamingApiClient.m; sourceTree = "<group>"; };
		F4DB2D4E13C6876900F1C9E1 /* NSObject+SBJson.h */ = {isa = PBXFileReference; fileEncoding = 4; lastKnownFileType = sourcecode.c.h; path = "NSObject+SBJson.h"; sourceTree = "<group>"; };
		F4DB2D4F13C6876900F1C9E1 /* NSObject+SBJson.m */ = {isa = PBXFileReference; fileEncoding = 4; lastKnownFileType = sourcecode.c.objc; path = "NSObject+SBJson.m"; sourceTree = "<group>"; };
		F4DB2D5113C68F7E00F1C9E1 /* PushTopicsDataSource.h */ = {isa = PBXFileReference; fileEncoding = 4; lastKnownFileType = sourcecode.c.h; path = PushTopicsDataSource.h; sourceTree = "<group>"; };
		F4DB2D5213C68F7E00F1C9E1 /* PushTopicsDataSource.m */ = {isa = PBXFileReference; fileEncoding = 4; lastKnownFileType = sourcecode.c.objc; path = PushTopicsDataSource.m; sourceTree = "<group>"; };
		F4DB2D5413C6B57B00F1C9E1 /* NewPushTopicController.h */ = {isa = PBXFileReference; fileEncoding = 4; lastKnownFileType = sourcecode.c.h; path = NewPushTopicController.h; sourceTree = "<group>"; };
		F4DB2D5513C6B57B00F1C9E1 /* NewPushTopicController.m */ = {isa = PBXFileReference; fileEncoding = 4; lastKnownFileType = sourcecode.c.objc; path = NewPushTopicController.m; sourceTree = "<group>"; };
/* End PBXFileReference section */

/* Begin PBXFrameworksBuildPhase section */
		F4DB2D0813C6362B00F1C9E1 /* Frameworks */ = {
			isa = PBXFrameworksBuildPhase;
			buildActionMask = 2147483647;
			files = (
				F4DB2D1013C6362B00F1C9E1 /* Cocoa.framework in Frameworks */,
			);
			runOnlyForDeploymentPostprocessing = 0;
		};
/* End PBXFrameworksBuildPhase section */

/* Begin PBXGroup section */
		F4DB2D0013C6362B00F1C9E1 = {
			isa = PBXGroup;
			children = (
				F4DB2D2C13C6363700F1C9E1 /* json */,
				F4DB2D1513C6362B00F1C9E1 /* streamingTest */,
				F4DB2D0E13C6362B00F1C9E1 /* Frameworks */,
				F4DB2D0C13C6362B00F1C9E1 /* Products */,
			);
			sourceTree = "<group>";
		};
		F4DB2D0C13C6362B00F1C9E1 /* Products */ = {
			isa = PBXGroup;
			children = (
				F4DB2D0B13C6362B00F1C9E1 /* streamingTest.app */,
			);
			name = Products;
			sourceTree = "<group>";
		};
		F4DB2D0E13C6362B00F1C9E1 /* Frameworks */ = {
			isa = PBXGroup;
			children = (
				F4DB2D0F13C6362B00F1C9E1 /* Cocoa.framework */,
				F4DB2D1113C6362B00F1C9E1 /* Other Frameworks */,
			);
			name = Frameworks;
			sourceTree = "<group>";
		};
		F4DB2D1113C6362B00F1C9E1 /* Other Frameworks */ = {
			isa = PBXGroup;
			children = (
				F4DB2D1213C6362B00F1C9E1 /* AppKit.framework */,
				F4DB2D1313C6362B00F1C9E1 /* CoreData.framework */,
				F4DB2D1413C6362B00F1C9E1 /* Foundation.framework */,
			);
			name = "Other Frameworks";
			sourceTree = "<group>";
		};
		F4DB2D1513C6362B00F1C9E1 /* streamingTest */ = {
			isa = PBXGroup;
			children = (
				F4DB2D4513C636A200F1C9E1 /* UrlConnectionDelegate.h */,
				F4DB2D4613C636A200F1C9E1 /* UrlConnectionDelegate.m */,
				F4DB2D2113C6362B00F1C9E1 /* streamingTestAppDelegate.h */,
				F4DB2D2213C6362B00F1C9E1 /* streamingTestAppDelegate.m */,
				F4DB2D4B13C6719B00F1C9E1 /* StreamingApiClient.h */,
				F4DB2D4C13C6719B00F1C9E1 /* StreamingApiClient.m */,
				F4DB2D4813C6398700F1C9E1 /* Controller.h */,
				F4DB2D4913C6398700F1C9E1 /* Controller.m */,
				F4DB2D2413C6362B00F1C9E1 /* MainMenu.xib */,
				F4DB2D1613C6362B00F1C9E1 /* Supporting Files */,
				F4DB2D5113C68F7E00F1C9E1 /* PushTopicsDataSource.h */,
				F4DB2D5213C68F7E00F1C9E1 /* PushTopicsDataSource.m */,
				F4DB2D5413C6B57B00F1C9E1 /* NewPushTopicController.h */,
				F4DB2D5513C6B57B00F1C9E1 /* NewPushTopicController.m */,
				9763BC5213C7C44A006C9313 /* LoginController.h */,
				9763BC5313C7C44A006C9313 /* LoginController.m */,
			);
			path = streamingTest;
			sourceTree = "<group>";
		};
		F4DB2D1613C6362B00F1C9E1 /* Supporting Files */ = {
			isa = PBXGroup;
			children = (
				F4DB2D1713C6362B00F1C9E1 /* streamingTest-Info.plist */,
				F4DB2D1813C6362B00F1C9E1 /* InfoPlist.strings */,
				F4DB2D1B13C6362B00F1C9E1 /* streamingTest-Prefix.pch */,
				F4DB2D1C13C6362B00F1C9E1 /* main.m */,
				F4DB2D1E13C6362B00F1C9E1 /* Credits.rtf */,
			);
			name = "Supporting Files";
			sourceTree = "<group>";
		};
		F4DB2D2C13C6363700F1C9E1 /* json */ = {
			isa = PBXGroup;
			children = (
				F4DB2D4E13C6876900F1C9E1 /* NSObject+SBJson.h */,
				F4DB2D4F13C6876900F1C9E1 /* NSObject+SBJson.m */,
				F4DB2D2D13C6366000F1C9E1 /* SBJsonParser.h */,
				F4DB2D2E13C6366000F1C9E1 /* SBJsonParser.m */,
				F4DB2D2F13C6366000F1C9E1 /* SBJsonStreamParser.h */,
				F4DB2D3013C6366000F1C9E1 /* SBJsonStreamParser.m */,
				F4DB2D3113C6366000F1C9E1 /* SBJsonStreamParserAdapter.h */,
				F4DB2D3213C6366000F1C9E1 /* SBJsonStreamParserAdapter.m */,
				F4DB2D3313C6366000F1C9E1 /* SBJsonStreamParserState.h */,
				F4DB2D3413C6366000F1C9E1 /* SBJsonStreamParserState.m */,
				F4DB2D3513C6366000F1C9E1 /* SBJsonStreamWriter.h */,
				F4DB2D3613C6366000F1C9E1 /* SBJsonStreamWriter.m */,
				F4DB2D3713C6366000F1C9E1 /* SBJsonStreamWriterState.h */,
				F4DB2D3813C6366000F1C9E1 /* SBJsonStreamWriterState.m */,
				F4DB2D3913C6366000F1C9E1 /* SBJsonTokeniser.h */,
				F4DB2D3A13C6366000F1C9E1 /* SBJsonTokeniser.m */,
				F4DB2D3B13C6366000F1C9E1 /* SBJsonWriter.h */,
				F4DB2D3C13C6366000F1C9E1 /* SBJsonWriter.m */,
			);
			name = json;
			sourceTree = "<group>";
		};
/* End PBXGroup section */

/* Begin PBXNativeTarget section */
		F4DB2D0A13C6362B00F1C9E1 /* streamingTest */ = {
			isa = PBXNativeTarget;
			buildConfigurationList = F4DB2D2913C6362B00F1C9E1 /* Build configuration list for PBXNativeTarget "streamingTest" */;
			buildPhases = (
				F4DB2D0713C6362B00F1C9E1 /* Sources */,
				F4DB2D0813C6362B00F1C9E1 /* Frameworks */,
				F4DB2D0913C6362B00F1C9E1 /* Resources */,
			);
			buildRules = (
			);
			dependencies = (
			);
			name = streamingTest;
			productName = streamingTest;
			productReference = F4DB2D0B13C6362B00F1C9E1 /* streamingTest.app */;
			productType = "com.apple.product-type.application";
		};
/* End PBXNativeTarget section */

/* Begin PBXProject section */
		F4DB2D0213C6362B00F1C9E1 /* Project object */ = {
			isa = PBXProject;
			buildConfigurationList = F4DB2D0513C6362B00F1C9E1 /* Build configuration list for PBXProject "streamingTest" */;
			compatibilityVersion = "Xcode 3.2";
			developmentRegion = English;
			hasScannedForEncodings = 0;
			knownRegions = (
				en,
			);
			mainGroup = F4DB2D0013C6362B00F1C9E1;
			productRefGroup = F4DB2D0C13C6362B00F1C9E1 /* Products */;
			projectDirPath = "";
			projectRoot = "";
			targets = (
				F4DB2D0A13C6362B00F1C9E1 /* streamingTest */,
			);
		};
/* End PBXProject section */

/* Begin PBXResourcesBuildPhase section */
		F4DB2D0913C6362B00F1C9E1 /* Resources */ = {
			isa = PBXResourcesBuildPhase;
			buildActionMask = 2147483647;
			files = (
				F4DB2D1A13C6362B00F1C9E1 /* InfoPlist.strings in Resources */,
				F4DB2D2013C6362B00F1C9E1 /* Credits.rtf in Resources */,
				F4DB2D2613C6362B00F1C9E1 /* MainMenu.xib in Resources */,
			);
			runOnlyForDeploymentPostprocessing = 0;
		};
/* End PBXResourcesBuildPhase section */

/* Begin PBXSourcesBuildPhase section */
		F4DB2D0713C6362B00F1C9E1 /* Sources */ = {
			isa = PBXSourcesBuildPhase;
			buildActionMask = 2147483647;
			files = (
				F4DB2D1D13C6362B00F1C9E1 /* main.m in Sources */,
				F4DB2D2313C6362B00F1C9E1 /* streamingTestAppDelegate.m in Sources */,
				F4DB2D3D13C6366000F1C9E1 /* SBJsonParser.m in Sources */,
				F4DB2D3E13C6366000F1C9E1 /* SBJsonStreamParser.m in Sources */,
				F4DB2D3F13C6366000F1C9E1 /* SBJsonStreamParserAdapter.m in Sources */,
				F4DB2D4013C6366000F1C9E1 /* SBJsonStreamParserState.m in Sources */,
				F4DB2D4113C6366000F1C9E1 /* SBJsonStreamWriter.m in Sources */,
				F4DB2D4213C6366000F1C9E1 /* SBJsonStreamWriterState.m in Sources */,
				F4DB2D4313C6366000F1C9E1 /* SBJsonTokeniser.m in Sources */,
				F4DB2D4413C6366000F1C9E1 /* SBJsonWriter.m in Sources */,
				F4DB2D4713C636A200F1C9E1 /* UrlConnectionDelegate.m in Sources */,
				F4DB2D4A13C6398700F1C9E1 /* Controller.m in Sources */,
				F4DB2D4D13C6719B00F1C9E1 /* StreamingApiClient.m in Sources */,
				F4DB2D5013C6876900F1C9E1 /* NSObject+SBJson.m in Sources */,
				F4DB2D5313C68F7F00F1C9E1 /* PushTopicsDataSource.m in Sources */,
				F4DB2D5613C6B57B00F1C9E1 /* NewPushTopicController.m in Sources */,
				9763BC5413C7C44A006C9313 /* LoginController.m in Sources */,
			);
			runOnlyForDeploymentPostprocessing = 0;
		};
/* End PBXSourcesBuildPhase section */

/* Begin PBXVariantGroup section */
		F4DB2D1813C6362B00F1C9E1 /* InfoPlist.strings */ = {
			isa = PBXVariantGroup;
			children = (
				F4DB2D1913C6362B00F1C9E1 /* en */,
			);
			name = InfoPlist.strings;
			sourceTree = "<group>";
		};
		F4DB2D1E13C6362B00F1C9E1 /* Credits.rtf */ = {
			isa = PBXVariantGroup;
			children = (
				F4DB2D1F13C6362B00F1C9E1 /* en */,
			);
			name = Credits.rtf;
			sourceTree = "<group>";
		};
		F4DB2D2413C6362B00F1C9E1 /* MainMenu.xib */ = {
			isa = PBXVariantGroup;
			children = (
				F4DB2D2513C6362B00F1C9E1 /* en */,
			);
			name = MainMenu.xib;
			sourceTree = "<group>";
		};
/* End PBXVariantGroup section */

/* Begin XCBuildConfiguration section */
		F4DB2D2713C6362B00F1C9E1 /* Debug */ = {
			isa = XCBuildConfiguration;
			buildSettings = {
				ARCHS = "$(ARCHS_STANDARD_32_64_BIT)";
				GCC_C_LANGUAGE_STANDARD = gnu99;
				GCC_OPTIMIZATION_LEVEL = 0;
				GCC_PREPROCESSOR_DEFINITIONS = DEBUG;
				GCC_SYMBOLS_PRIVATE_EXTERN = NO;
				GCC_VERSION = com.apple.compilers.llvm.clang.1_0;
				GCC_WARN_64_TO_32_BIT_CONVERSION = YES;
				GCC_WARN_ABOUT_RETURN_TYPE = YES;
				GCC_WARN_UNUSED_VARIABLE = YES;
				MACOSX_DEPLOYMENT_TARGET = 10.6;
				ONLY_ACTIVE_ARCH = YES;
				SDKROOT = macosx;
			};
			name = Debug;
		};
		F4DB2D2813C6362B00F1C9E1 /* Release */ = {
			isa = XCBuildConfiguration;
			buildSettings = {
				ARCHS = "$(ARCHS_STANDARD_32_64_BIT)";
				GCC_C_LANGUAGE_STANDARD = gnu99;
				GCC_VERSION = com.apple.compilers.llvm.clang.1_0;
				GCC_WARN_64_TO_32_BIT_CONVERSION = YES;
				GCC_WARN_ABOUT_RETURN_TYPE = YES;
				GCC_WARN_UNUSED_VARIABLE = YES;
				MACOSX_DEPLOYMENT_TARGET = 10.6;
				SDKROOT = macosx;
			};
			name = Release;
		};
		F4DB2D2A13C6362B00F1C9E1 /* Debug */ = {
			isa = XCBuildConfiguration;
			buildSettings = {
				ALWAYS_SEARCH_USER_PATHS = NO;
				COPY_PHASE_STRIP = NO;
				GCC_DYNAMIC_NO_PIC = NO;
				GCC_ENABLE_OBJC_EXCEPTIONS = YES;
				GCC_PRECOMPILE_PREFIX_HEADER = YES;
				GCC_PREFIX_HEADER = "streamingTest/streamingTest-Prefix.pch";
				INFOPLIST_FILE = "streamingTest/streamingTest-Info.plist";
				PRODUCT_NAME = "$(TARGET_NAME)";
				WRAPPER_EXTENSION = app;
			};
			name = Debug;
		};
		F4DB2D2B13C6362B00F1C9E1 /* Release */ = {
			isa = XCBuildConfiguration;
			buildSettings = {
				ALWAYS_SEARCH_USER_PATHS = NO;
				COPY_PHASE_STRIP = YES;
				DEBUG_INFORMATION_FORMAT = "dwarf-with-dsym";
				GCC_ENABLE_OBJC_EXCEPTIONS = YES;
				GCC_PRECOMPILE_PREFIX_HEADER = YES;
				GCC_PREFIX_HEADER = "streamingTest/streamingTest-Prefix.pch";
				INFOPLIST_FILE = "streamingTest/streamingTest-Info.plist";
				PRODUCT_NAME = "$(TARGET_NAME)";
				WRAPPER_EXTENSION = app;
			};
			name = Release;
		};
/* End XCBuildConfiguration section */

/* Begin XCConfigurationList section */
		F4DB2D0513C6362B00F1C9E1 /* Build configuration list for PBXProject "streamingTest" */ = {
			isa = XCConfigurationList;
			buildConfigurations = (
				F4DB2D2713C6362B00F1C9E1 /* Debug */,
				F4DB2D2813C6362B00F1C9E1 /* Release */,
			);
			defaultConfigurationIsVisible = 0;
			defaultConfigurationName = Release;
		};
		F4DB2D2913C6362B00F1C9E1 /* Build configuration list for PBXNativeTarget "streamingTest" */ = {
			isa = XCConfigurationList;
			buildConfigurations = (
				F4DB2D2A13C6362B00F1C9E1 /* Debug */,
				F4DB2D2B13C6362B00F1C9E1 /* Release */,
			);
			defaultConfigurationIsVisible = 0;
			defaultConfigurationName = Release;
		};
/* End XCConfigurationList section */
	};
	rootObject = F4DB2D0213C6362B00F1C9E1 /* Project object */;
}
